
Microsoft Visual Studio Solution File, Format Version 12.00
# Visual Studio Version 17
VisualStudioVersion = 17.11.35312.102
MinimumVisualStudioVersion = 10.0.40219.1
Project("{8BC9CEB8-8B4A-11D0-8D11-00A0C91BC942}") = "SecureAuthKeyModule", "SecureAuthKeyModule.vcxproj", "{EBBA7FB9-616A-4074-A148-49479DBEFC64}"
EndProject
Project("{8BC9CEB8-8B4A-11D0-8D11-00A0C91BC942}") = "TestAuthKey", "..\TestAuthKey\TestAuthKey.vcxproj", "{9DF75C3E-5FDA-4F17-810B-D32189E8EC2C}"
EndProject
Global
	GlobalSection(SolutionConfigurationPlatforms) = preSolution
		Debug|x64 = Debug|x64
		Debug|x86 = Debug|x86
		Release|x64 = Release|x64
		Release|x86 = Release|x86
	EndGlobalSection
	GlobalSection(ProjectConfigurationPlatforms) = postSolution
		{EBBA7FB9-616A-4074-A148-49479DBEFC64}.Debug|x64.ActiveCfg = Debug|x64
		{EBBA7FB9-616A-4074-A148-49479DBEFC64}.Debug|x64.Build.0 = Debug|x64
		{EBBA7FB9-616A-4074-A148-49479DBEFC64}.Debug|x86.ActiveCfg = Debug|Win32
		{EBBA7FB9-616A-4074-A148-49479DBEFC64}.Debug|x86.Build.0 = Debug|Win32
		{EBBA7FB9-616A-4074-A148-49479DBEFC64}.Release|x64.ActiveCfg = Release|x64
		{EBBA7FB9-616A-4074-A148-49479DBEFC64}.Release|x64.Build.0 = Release|x64
		{EBBA7FB9-616A-4074-A148-49479DBEFC64}.Release|x86.ActiveCfg = Release|Win32
		{EBBA7FB9-616A-4074-A148-49479DBEFC64}.Release|x86.Build.0 = Release|Win32
		{9DF75C3E-5FDA-4F17-810B-D32189E8EC2C}.Debug|x64.ActiveCfg = Debug|x64
		{9DF75C3E-5FDA-4F17-810B-D32189E8EC2C}.Debug|x64.Build.0 = Debug|x64
		{9DF75C3E-5FDA-4F17-810B-D32189E8EC2C}.Debug|x86.ActiveCfg = Debug|Win32
		{9DF75C3E-5FDA-4F17-810B-D32189E8EC2C}.Debug|x86.Build.0 = Debug|Win32
		{9DF75C3E-5FDA-4F17-810B-D32189E8EC2C}.Release|x64.ActiveCfg = Release|x64
		{9DF75C3E-5FDA-4F17-810B-D32189E8EC2C}.Release|x64.Build.0 = Release|x64
		{9DF75C3E-5FDA-4F17-810B-D32189E8EC2C}.Release|x86.ActiveCfg = Release|Win32
		{9DF75C3E-5FDA-4F17-810B-D32189E8EC2C}.Release|x86.Build.0 = Release|Win32
	EndGlobalSection
	GlobalSection(SolutionProperties) = preSolution
		HideSolutionNode = FALSE
	EndGlobalSection
	GlobalSection(ExtensibilityGlobals) = postSolution
		SolutionGuid = {AE06F416-E8B2-438B-A889-338F2F810D0D}
	EndGlobalSection
EndGlobal
